
Microsoft Visual Studio Solution File, Format Version 12.00
# Visual Studio Version 16
VisualStudioVersion = 16.0.30523.141
MinimumVisualStudioVersion = 10.0.40219.1
Project("{9A19103F-16F7-4668-BE54-9A1E7A4F7556}") = "MindMapApp", "MindMap\MindMapApp.csproj", "{C8316F6A-46DA-46E4-90B5-FB5EA54535FF}"
EndProject
Project("{FAE04EC0-301F-11D3-BF4B-00C04F79EFBC}") = "MindMap", "MindMap2\MindMap.csproj", "{B59C5A26-A38A-42A7-A8D9-CB4E2CAC9282}"
EndProject
Global
	GlobalSection(SolutionConfigurationPlatforms) = preSolution
		Debug|Any CPU = Debug|Any CPU
		Release|Any CPU = Release|Any CPU
	EndGlobalSection
	GlobalSection(ProjectConfigurationPlatforms) = postSolution
		{C8316F6A-46DA-46E4-90B5-FB5EA54535FF}.Debug|Any CPU.ActiveCfg = Debug|Any CPU
		{C8316F6A-46DA-46E4-90B5-FB5EA54535FF}.Debug|Any CPU.Build.0 = Debug|Any CPU
		{C8316F6A-46DA-46E4-90B5-FB5EA54535FF}.Release|Any CPU.ActiveCfg = Release|Any CPU
		{C8316F6A-46DA-46E4-90B5-FB5EA54535FF}.Release|Any CPU.Build.0 = Release|Any CPU
		{B59C5A26-A38A-42A7-A8D9-CB4E2CAC9282}.Debug|Any CPU.ActiveCfg = Debug|Any CPU
		{B59C5A26-A38A-42A7-A8D9-CB4E2CAC9282}.Debug|Any CPU.Build.0 = Debug|Any CPU
		{B59C5A26-A38A-42A7-A8D9-CB4E2CAC9282}.Release|Any CPU.ActiveCfg = Release|Any CPU
		{B59C5A26-A38A-42A7-A8D9-CB4E2CAC9282}.Release|Any CPU.Build.0 = Release|Any CPU
	EndGlobalSection
	GlobalSection(SolutionProperties) = preSolution
		HideSolutionNode = FALSE
	EndGlobalSection
	GlobalSection(ExtensibilityGlobals) = postSolution
		SolutionGuid = {93E5548C-53E4-4DFB-870D-49DFDB3E246F}
	EndGlobalSection
EndGlobal
