
Microsoft Visual Studio Solution File, Format Version 12.00
# Visual Studio Version 16
VisualStudioVersion = 16.0.30523.141
MinimumVisualStudioVersion = 10.0.40219.1
Project("{FAE04EC0-301F-11D3-BF4B-00C04F79EFBC}") = "StringValidation", "StringValidation\StringValidation.csproj", "{4CF48569-6CF4-4012-8760-E863523EDC41}"
EndProject
Global
	GlobalSection(SolutionConfigurationPlatforms) = preSolution
		Debug|Any CPU = Debug|Any CPU
		Release|Any CPU = Release|Any CPU
	EndGlobalSection
	GlobalSection(ProjectConfigurationPlatforms) = postSolution
		{4CF48569-6CF4-4012-8760-E863523EDC41}.Debug|Any CPU.ActiveCfg = Debug|Any CPU
		{4CF48569-6CF4-4012-8760-E863523EDC41}.Debug|Any CPU.Build.0 = Debug|Any CPU
		{4CF48569-6CF4-4012-8760-E863523EDC41}.Release|Any CPU.ActiveCfg = Release|Any CPU
		{4CF48569-6CF4-4012-8760-E863523EDC41}.Release|Any CPU.Build.0 = Release|Any CPU
	EndGlobalSection
	GlobalSection(SolutionProperties) = preSolution
		HideSolutionNode = FALSE
	EndGlobalSection
	GlobalSection(ExtensibilityGlobals) = postSolution
		SolutionGuid = {9C8D21B9-9CE0-42A9-9935-F09864A9B4DF}
	EndGlobalSection
EndGlobal
